
Microsoft Visual Studio Solution File, Format Version 12.00
# Visual Studio Version 16
VisualStudioVersion = 16.0.31321.278
MinimumVisualStudioVersion = 10.0.40219.1
Project("{FAE04EC0-301F-11D3-BF4B-00C04F79EFBC}") = "ToDuo", "ToDuo\ToDuo.csproj", "{8DCFDEAA-C322-43EB-A3FD-982779CC67C9}"
EndProject
Global
	GlobalSection(SolutionConfigurationPlatforms) = preSolution
		Debug|Any CPU = Debug|Any CPU
		Release|Any CPU = Release|Any CPU
	EndGlobalSection
	GlobalSection(ProjectConfigurationPlatforms) = postSolution
		{8DCFDEAA-C322-43EB-A3FD-982779CC67C9}.Debug|Any CPU.ActiveCfg = Debug|Any CPU
		{8DCFDEAA-C322-43EB-A3FD-982779CC67C9}.Debug|Any CPU.Build.0 = Debug|Any CPU
		{8DCFDEAA-C322-43EB-A3FD-982779CC67C9}.Release|Any CPU.ActiveCfg = Release|Any CPU
		{8DCFDEAA-C322-43EB-A3FD-982779CC67C9}.Release|Any CPU.Build.0 = Release|Any CPU
	EndGlobalSection
	GlobalSection(SolutionProperties) = preSolution
		HideSolutionNode = FALSE
	EndGlobalSection
	GlobalSection(ExtensibilityGlobals) = postSolution
		SolutionGuid = {6E940D26-14E2-41D5-A986-0376341ECFBA}
	EndGlobalSection
EndGlobal
